
Microsoft Visual Studio Solution File, Format Version 12.00
# Visual Studio Version 17
VisualStudioVersion = 17.2.32516.85
MinimumVisualStudioVersion = 10.0.40219.1
Project("{9A19103F-16F7-4668-BE54-9A1E7A4F7556}") = "Continuum Launcher", "Continuum Launcher\Continuum Launcher.csproj", "{3C29921F-4A20-4313-93C2-A630B4DCAA65}"
EndProject
Project("{FAE04EC0-301F-11D3-BF4B-00C04F79EFBC}") = "Continuum Companion", "Continuum Companion\Continuum Companion.csproj", "{A01FD187-F7C4-4FC4-822A-052DA11B1127}"
EndProject
Global
	GlobalSection(SolutionConfigurationPlatforms) = preSolution
		Debug|Any CPU = Debug|Any CPU
		Release|Any CPU = Release|Any CPU
	EndGlobalSection
	GlobalSection(ProjectConfigurationPlatforms) = postSolution
		{3C29921F-4A20-4313-93C2-A630B4DCAA65}.Debug|Any CPU.ActiveCfg = Debug|Any CPU
		{3C29921F-4A20-4313-93C2-A630B4DCAA65}.Debug|Any CPU.Build.0 = Debug|Any CPU
		{3C29921F-4A20-4313-93C2-A630B4DCAA65}.Release|Any CPU.ActiveCfg = Release|Any CPU
		{3C29921F-4A20-4313-93C2-A630B4DCAA65}.Release|Any CPU.Build.0 = Release|Any CPU
		{A01FD187-F7C4-4FC4-822A-052DA11B1127}.Debug|Any CPU.ActiveCfg = Debug|Any CPU
		{A01FD187-F7C4-4FC4-822A-052DA11B1127}.Debug|Any CPU.Build.0 = Debug|Any CPU
		{A01FD187-F7C4-4FC4-822A-052DA11B1127}.Release|Any CPU.ActiveCfg = Release|Any CPU
		{A01FD187-F7C4-4FC4-822A-052DA11B1127}.Release|Any CPU.Build.0 = Release|Any CPU
	EndGlobalSection
	GlobalSection(SolutionProperties) = preSolution
		HideSolutionNode = FALSE
	EndGlobalSection
	GlobalSection(ExtensibilityGlobals) = postSolution
		SolutionGuid = {D50DEFE5-A94E-47FF-90FB-A08D0EFA143B}
	EndGlobalSection
EndGlobal
